// !$*UTF8*$!
{
	archiveVersion = 1;
	classes = {
	};
	objectVersion = 56;
	objects = {

/* Begin PBXBuildFile section */
		8821932D29E8894D00841026 /* InstruccionesViewController.swift in Sources */ = {isa = PBXBuildFile; fileRef = 8821932C29E8894D00841026 /* InstruccionesViewController.swift */; };
		8836D7A729E8931000668B39 /* PerfilViewController.swift in Sources */ = {isa = PBXBuildFile; fileRef = 8836D7A629E8931000668B39 /* PerfilViewController.swift */; };
		883A893F29E721B2005C6A1D /* icon.svg in Resources */ = {isa = PBXBuildFile; fileRef = 883A893E29E721B2005C6A1D /* icon.svg */; };
		883D5BF629EF3123006970E5 /* usuario.png in Resources */ = {isa = PBXBuildFile; fileRef = 883D5BF529EF3123006970E5 /* usuario.png */; };
		883FF76429E74B3200F9B608 /* SplashViewController.swift in Sources */ = {isa = PBXBuildFile; fileRef = 883FF76329E74B3200F9B608 /* SplashViewController.swift */; };
		88530D4529EDB383006D1061 /* UserData.swift in Sources */ = {isa = PBXBuildFile; fileRef = 88530D4429EDB383006D1061 /* UserData.swift */; };
		88AFCB3229E76E2A004260F3 /* logo.png in Resources */ = {isa = PBXBuildFile; fileRef = 88AFCB3129E76E2A004260F3 /* logo.png */; };
		88BDDBC129E717DB00BDF086 /* AppDelegate.swift in Sources */ = {isa = PBXBuildFile; fileRef = 88BDDBC029E717DB00BDF086 /* AppDelegate.swift */; };
		88BDDBC329E717DB00BDF086 /* SceneDelegate.swift in Sources */ = {isa = PBXBuildFile; fileRef = 88BDDBC229E717DB00BDF086 /* SceneDelegate.swift */; };
		88BDDBC529E717DB00BDF086 /* ViewController.swift in Sources */ = {isa = PBXBuildFile; fileRef = 88BDDBC429E717DB00BDF086 /* ViewController.swift */; };
		88BDDBC829E717DB00BDF086 /* Main.storyboard in Resources */ = {isa = PBXBuildFile; fileRef = 88BDDBC629E717DB00BDF086 /* Main.storyboard */; };
		88BDDBCA29E717DD00BDF086 /* Assets.xcassets in Resources */ = {isa = PBXBuildFile; fileRef = 88BDDBC929E717DD00BDF086 /* Assets.xcassets */; };
		88BDDBCD29E717DD00BDF086 /* LaunchScreen.storyboard in Resources */ = {isa = PBXBuildFile; fileRef = 88BDDBCB29E717DD00BDF086 /* LaunchScreen.storyboard */; };
		88BDDBD829E717DD00BDF086 /* SecureBotTests.swift in Sources */ = {isa = PBXBuildFile; fileRef = 88BDDBD729E717DD00BDF086 /* SecureBotTests.swift */; };
		88BDDBE229E717DD00BDF086 /* SecureBotUITests.swift in Sources */ = {isa = PBXBuildFile; fileRef = 88BDDBE129E717DD00BDF086 /* SecureBotUITests.swift */; };
		88BDDBE429E717DD00BDF086 /* SecureBotUITestsLaunchTests.swift in Sources */ = {isa = PBXBuildFile; fileRef = 88BDDBE329E717DD00BDF086 /* SecureBotUITestsLaunchTests.swift */; };
		88BDDBF229E71AED00BDF086 /* 1681318669742.png in Resources */ = {isa = PBXBuildFile; fileRef = 88BDDBF129E71AED00BDF086 /* 1681318669742.png */; };
		88CFA8CB29EEEC87006D5A3D /* descarga.png in Resources */ = {isa = PBXBuildFile; fileRef = 88CFA8CA29EEEC87006D5A3D /* descarga.png */; };
		88CFA8CD29EEFD04006D5A3D /* checkcheck.png in Resources */ = {isa = PBXBuildFile; fileRef = 88CFA8CC29EEFD04006D5A3D /* checkcheck.png */; };
		88EFC59A29E76300008FB20B /* RegisterViewController.swift in Sources */ = {isa = PBXBuildFile; fileRef = 88EFC59929E76300008FB20B /* RegisterViewController.swift */; };
		88EFC59C29E7661A008FB20B /* TelefonoViewController.swift in Sources */ = {isa = PBXBuildFile; fileRef = 88EFC59B29E7661A008FB20B /* TelefonoViewController.swift */; };
		88EFC5A229E76C05008FB20B /* logoforiphone.png in Resources */ = {isa = PBXBuildFile; fileRef = 88EFC5A129E76C05008FB20B /* logoforiphone.png */; };
/* End PBXBuildFile section */

/* Begin PBXContainerItemProxy section */
		88BDDBD429E717DD00BDF086 /* PBXContainerItemProxy */ = {
			isa = PBXContainerItemProxy;
			containerPortal = 88BDDBB529E717DB00BDF086 /* Project object */;
			proxyType = 1;
			remoteGlobalIDString = 88BDDBBC29E717DB00BDF086;
			remoteInfo = SecureBot;
		};
		88BDDBDE29E717DD00BDF086 /* PBXContainerItemProxy */ = {
			isa = PBXContainerItemProxy;
			containerPortal = 88BDDBB529E717DB00BDF086 /* Project object */;
			proxyType = 1;
			remoteGlobalIDString = 88BDDBBC29E717DB00BDF086;
			remoteInfo = SecureBot;
		};
/* End PBXContainerItemProxy section */

/* Begin PBXFileReference section */
		8821932C29E8894D00841026 /* InstruccionesViewController.swift */ = {isa = PBXFileReference; lastKnownFileType = sourcecode.swift; path = InstruccionesViewController.swift; sourceTree = "<group>"; };
		8836D7A629E8931000668B39 /* PerfilViewController.swift */ = {isa = PBXFileReference; lastKnownFileType = sourcecode.swift; path = PerfilViewController.swift; sourceTree = "<group>"; };
		883A893E29E721B2005C6A1D /* icon.svg */ = {isa = PBXFileReference; fileEncoding = 4; lastKnownFileType = text; path = icon.svg; sourceTree = "<group>"; };
		883D5BF529EF3123006970E5 /* usuario.png */ = {isa = PBXFileReference; lastKnownFileType = image.png; name = usuario.png; path = ../../../imgs/usuario.png; sourceTree = "<group>"; };
		883FF76329E74B3200F9B608 /* SplashViewController.swift */ = {isa = PBXFileReference; lastKnownFileType = sourcecode.swift; path = SplashViewController.swift; sourceTree = "<group>"; };
		88530D4429EDB383006D1061 /* UserData.swift */ = {isa = PBXFileReference; lastKnownFileType = sourcecode.swift; path = UserData.swift; sourceTree = "<group>"; };
		88AFCB3129E76E2A004260F3 /* logo.png */ = {isa = PBXFileReference; lastKnownFileType = image.png; path = logo.png; sourceTree = "<group>"; };
		88BDDBBD29E717DB00BDF086 /* SecureBot.app */ = {isa = PBXFileReference; explicitFileType = wrapper.application; includeInIndex = 0; path = SecureBot.app; sourceTree = BUILT_PRODUCTS_DIR; };
		88BDDBC029E717DB00BDF086 /* AppDelegate.swift */ = {isa = PBXFileReference; lastKnownFileType = sourcecode.swift; path = AppDelegate.swift; sourceTree = "<group>"; };
		88BDDBC229E717DB00BDF086 /* SceneDelegate.swift */ = {isa = PBXFileReference; lastKnownFileType = sourcecode.swift; path = SceneDelegate.swift; sourceTree = "<group>"; };
		88BDDBC429E717DB00BDF086 /* ViewController.swift */ = {isa = PBXFileReference; lastKnownFileType = sourcecode.swift; path = ViewController.swift; sourceTree = "<group>"; };
		88BDDBC729E717DB00BDF086 /* Base */ = {isa = PBXFileReference; lastKnownFileType = file.storyboard; name = Base; path = Base.lproj/Main.storyboard; sourceTree = "<group>"; };
		88BDDBC929E717DD00BDF086 /* Assets.xcassets */ = {isa = PBXFileReference; lastKnownFileType = folder.assetcatalog; path = Assets.xcassets; sourceTree = "<group>"; };
		88BDDBCC29E717DD00BDF086 /* Base */ = {isa = PBXFileReference; lastKnownFileType = file.storyboard; name = Base; path = Base.lproj/LaunchScreen.storyboard; sourceTree = "<group>"; };
		88BDDBCE29E717DD00BDF086 /* Info.plist */ = {isa = PBXFileReference; lastKnownFileType = text.plist.xml; path = Info.plist; sourceTree = "<group>"; };
		88BDDBD329E717DD00BDF086 /* SecureBotTests.xctest */ = {isa = PBXFileReference; explicitFileType = wrapper.cfbundle; includeInIndex = 0; path = SecureBotTests.xctest; sourceTree = BUILT_PRODUCTS_DIR; };
		88BDDBD729E717DD00BDF086 /* SecureBotTests.swift */ = {isa = PBXFileReference; lastKnownFileType = sourcecode.swift; path = SecureBotTests.swift; sourceTree = "<group>"; };
		88BDDBDD29E717DD00BDF086 /* SecureBotUITests.xctest */ = {isa = PBXFileReference; explicitFileType = wrapper.cfbundle; includeInIndex = 0; path = SecureBotUITests.xctest; sourceTree = BUILT_PRODUCTS_DIR; };
		88BDDBE129E717DD00BDF086 /* SecureBotUITests.swift */ = {isa = PBXFileReference; lastKnownFileType = sourcecode.swift; path = SecureBotUITests.swift; sourceTree = "<group>"; };
		88BDDBE329E717DD00BDF086 /* SecureBotUITestsLaunchTests.swift */ = {isa = PBXFileReference; lastKnownFileType = sourcecode.swift; path = SecureBotUITestsLaunchTests.swift; sourceTree = "<group>"; };
		88BDDBF129E71AED00BDF086 /* 1681318669742.png */ = {isa = PBXFileReference; lastKnownFileType = image.png; path = 1681318669742.png; sourceTree = "<group>"; };
		88CFA8CA29EEEC87006D5A3D /* descarga.png */ = {isa = PBXFileReference; lastKnownFileType = image.png; path = descarga.png; sourceTree = "<group>"; };
		88CFA8CC29EEFD04006D5A3D /* checkcheck.png */ = {isa = PBXFileReference; lastKnownFileType = image.png; path = checkcheck.png; sourceTree = "<group>"; };
		88EFC59929E76300008FB20B /* RegisterViewController.swift */ = {isa = PBXFileReference; lastKnownFileType = sourcecode.swift; path = RegisterViewController.swift; sourceTree = "<group>"; };
		88EFC59B29E7661A008FB20B /* TelefonoViewController.swift */ = {isa = PBXFileReference; lastKnownFileType = sourcecode.swift; path = TelefonoViewController.swift; sourceTree = "<group>"; };
		88EFC5A129E76C05008FB20B /* logoforiphone.png */ = {isa = PBXFileReference; lastKnownFileType = image.png; name = logoforiphone.png; path = PABLOVAZQUEZALVARADO/imgs/logoforiphone.png; sourceTree = "<group>"; };
/* End PBXFileReference section */

/* Begin PBXFrameworksBuildPhase section */
		88BDDBBA29E717DB00BDF086 /* Frameworks */ = {
			isa = PBXFrameworksBuildPhase;
			buildActionMask = 2147483647;
			files = (
			);
			runOnlyForDeploymentPostprocessing = 0;
		};
		88BDDBD029E717DD00BDF086 /* Frameworks */ = {
			isa = PBXFrameworksBuildPhase;
			buildActionMask = 2147483647;
			files = (
			);
			runOnlyForDeploymentPostprocessing = 0;
		};
		88BDDBDA29E717DD00BDF086 /* Frameworks */ = {
			isa = PBXFrameworksBuildPhase;
			buildActionMask = 2147483647;
			files = (
			);
			runOnlyForDeploymentPostprocessing = 0;
		};
/* End PBXFrameworksBuildPhase section */

/* Begin PBXGroup section */
		88BDDBB429E717DB00BDF086 = {
			isa = PBXGroup;
			children = (
				88BDDBBF29E717DB00BDF086 /* SecureBot */,
				88BDDBD629E717DD00BDF086 /* SecureBotTests */,
				88BDDBE029E717DD00BDF086 /* SecureBotUITests */,
				88BDDBBE29E717DB00BDF086 /* Products */,
			);
			sourceTree = "<group>";
		};
		88BDDBBE29E717DB00BDF086 /* Products */ = {
			isa = PBXGroup;
			children = (
				88BDDBBD29E717DB00BDF086 /* SecureBot.app */,
				88BDDBD329E717DD00BDF086 /* SecureBotTests.xctest */,
				88BDDBDD29E717DD00BDF086 /* SecureBotUITests.xctest */,
			);
			name = Products;
			sourceTree = "<group>";
		};
		88BDDBBF29E717DB00BDF086 /* SecureBot */ = {
			isa = PBXGroup;
			children = (
				88BDDBC029E717DB00BDF086 /* AppDelegate.swift */,
				88BDDBC229E717DB00BDF086 /* SceneDelegate.swift */,
				88BDDBC429E717DB00BDF086 /* ViewController.swift */,
				88530D4429EDB383006D1061 /* UserData.swift */,
				883FF76329E74B3200F9B608 /* SplashViewController.swift */,
				88EFC59929E76300008FB20B /* RegisterViewController.swift */,
				88EFC59B29E7661A008FB20B /* TelefonoViewController.swift */,
				8821932C29E8894D00841026 /* InstruccionesViewController.swift */,
				8836D7A629E8931000668B39 /* PerfilViewController.swift */,
				88BDDBC629E717DB00BDF086 /* Main.storyboard */,
				88BDDBC929E717DD00BDF086 /* Assets.xcassets */,
				88BDDBF029E71AA600BDF086 /* imgs */,
				88BDDBCB29E717DD00BDF086 /* LaunchScreen.storyboard */,
				88BDDBCE29E717DD00BDF086 /* Info.plist */,
			);
			path = SecureBot;
			sourceTree = "<group>";
		};
		88BDDBD629E717DD00BDF086 /* SecureBotTests */ = {
			isa = PBXGroup;
			children = (
				88BDDBD729E717DD00BDF086 /* SecureBotTests.swift */,
			);
			path = SecureBotTests;
			sourceTree = "<group>";
		};
		88BDDBE029E717DD00BDF086 /* SecureBotUITests */ = {
			isa = PBXGroup;
			children = (
				88BDDBE129E717DD00BDF086 /* SecureBotUITests.swift */,
				88BDDBE329E717DD00BDF086 /* SecureBotUITestsLaunchTests.swift */,
			);
			path = SecureBotUITests;
			sourceTree = "<group>";
		};
		88BDDBF029E71AA600BDF086 /* imgs */ = {
			isa = PBXGroup;
			children = (
				883D5BF529EF3123006970E5 /* usuario.png */,
				88CFA8CC29EEFD04006D5A3D /* checkcheck.png */,
				88CFA8CA29EEEC87006D5A3D /* descarga.png */,
				88AFCB3129E76E2A004260F3 /* logo.png */,
				88EFC5A129E76C05008FB20B /* logoforiphone.png */,
				883A893E29E721B2005C6A1D /* icon.svg */,
				88BDDBF129E71AED00BDF086 /* 1681318669742.png */,
			);
			path = imgs;
			sourceTree = "<group>";
		};
/* End PBXGroup section */

/* Begin PBXNativeTarget section */
		88BDDBBC29E717DB00BDF086 /* SecureBot */ = {
			isa = PBXNativeTarget;
			buildConfigurationList = 88BDDBE729E717DD00BDF086 /* Build configuration list for PBXNativeTarget "SecureBot" */;
			buildPhases = (
				88BDDBB929E717DB00BDF086 /* Sources */,
				88BDDBBA29E717DB00BDF086 /* Frameworks */,
				88BDDBBB29E717DB00BDF086 /* Resources */,
			);
			buildRules = (
			);
			dependencies = (
			);
			name = SecureBot;
			productName = SecureBot;
			productReference = 88BDDBBD29E717DB00BDF086 /* SecureBot.app */;
			productType = "com.apple.product-type.application";
		};
		88BDDBD229E717DD00BDF086 /* SecureBotTests */ = {
			isa = PBXNativeTarget;
			buildConfigurationList = 88BDDBEA29E717DD00BDF086 /* Build configuration list for PBXNativeTarget "SecureBotTests" */;
			buildPhases = (
				88BDDBCF29E717DD00BDF086 /* Sources */,
				88BDDBD029E717DD00BDF086 /* Frameworks */,
				88BDDBD129E717DD00BDF086 /* Resources */,
			);
			buildRules = (
			);
			dependencies = (
				88BDDBD529E717DD00BDF086 /* PBXTargetDependency */,
			);
			name = SecureBotTests;
			productName = SecureBotTests;
			productReference = 88BDDBD329E717DD00BDF086 /* SecureBotTests.xctest */;
			productType = "com.apple.product-type.bundle.unit-test";
		};
		88BDDBDC29E717DD00BDF086 /* SecureBotUITests */ = {
			isa = PBXNativeTarget;
			buildConfigurationList = 88BDDBED29E717DD00BDF086 /* Build configuration list for PBXNativeTarget "SecureBotUITests" */;
			buildPhases = (
				88BDDBD929E717DD00BDF086 /* Sources */,
				88BDDBDA29E717DD00BDF086 /* Frameworks */,
				88BDDBDB29E717DD00BDF086 /* Resources */,
			);
			buildRules = (
			);
			dependencies = (
				88BDDBDF29E717DD00BDF086 /* PBXTargetDependency */,
			);
			name = SecureBotUITests;
			productName = SecureBotUITests;
			productReference = 88BDDBDD29E717DD00BDF086 /* SecureBotUITests.xctest */;
			productType = "com.apple.product-type.bundle.ui-testing";
		};
/* End PBXNativeTarget section */

/* Begin PBXProject section */
		88BDDBB529E717DB00BDF086 /* Project object */ = {
			isa = PBXProject;
			attributes = {
				BuildIndependentTargetsInParallel = 1;
				LastSwiftUpdateCheck = 1420;
				LastUpgradeCheck = 1420;
				TargetAttributes = {
					88BDDBBC29E717DB00BDF086 = {
						CreatedOnToolsVersion = 14.2;
					};
					88BDDBD229E717DD00BDF086 = {
						CreatedOnToolsVersion = 14.2;
						TestTargetID = 88BDDBBC29E717DB00BDF086;
					};
					88BDDBDC29E717DD00BDF086 = {
						CreatedOnToolsVersion = 14.2;
						TestTargetID = 88BDDBBC29E717DB00BDF086;
					};
				};
			};
			buildConfigurationList = 88BDDBB829E717DB00BDF086 /* Build configuration list for PBXProject "SecureBot" */;
			compatibilityVersion = "Xcode 14.0";
			developmentRegion = en;
			hasScannedForEncodings = 0;
			knownRegions = (
				en,
				Base,
			);
			mainGroup = 88BDDBB429E717DB00BDF086;
			productRefGroup = 88BDDBBE29E717DB00BDF086 /* Products */;
			projectDirPath = "";
			projectRoot = "";
			targets = (
				88BDDBBC29E717DB00BDF086 /* SecureBot */,
				88BDDBD229E717DD00BDF086 /* SecureBotTests */,
				88BDDBDC29E717DD00BDF086 /* SecureBotUITests */,
			);
		};
/* End PBXProject section */

/* Begin PBXResourcesBuildPhase section */
		88BDDBBB29E717DB00BDF086 /* Resources */ = {
			isa = PBXResourcesBuildPhase;
			buildActionMask = 2147483647;
			files = (
				883D5BF629EF3123006970E5 /* usuario.png in Resources */,
				88BDDBCD29E717DD00BDF086 /* LaunchScreen.storyboard in Resources */,
				88CFA8CB29EEEC87006D5A3D /* descarga.png in Resources */,
				88BDDBCA29E717DD00BDF086 /* Assets.xcassets in Resources */,
				883A893F29E721B2005C6A1D /* icon.svg in Resources */,
				88EFC5A229E76C05008FB20B /* logoforiphone.png in Resources */,
				88AFCB3229E76E2A004260F3 /* logo.png in Resources */,
				88CFA8CD29EEFD04006D5A3D /* checkcheck.png in Resources */,
				88BDDBF229E71AED00BDF086 /* 1681318669742.png in Resources */,
				88BDDBC829E717DB00BDF086 /* Main.storyboard in Resources */,
			);
			runOnlyForDeploymentPostprocessing = 0;
		};
		88BDDBD129E717DD00BDF086 /* Resources */ = {
			isa = PBXResourcesBuildPhase;
			buildActionMask = 2147483647;
			files = (
			);
			runOnlyForDeploymentPostprocessing = 0;
		};
		88BDDBDB29E717DD00BDF086 /* Resources */ = {
			isa = PBXResourcesBuildPhase;
			buildActionMask = 2147483647;
			files = (
			);
			runOnlyForDeploymentPostprocessing = 0;
		};
/* End PBXResourcesBuildPhase section */

/* Begin PBXSourcesBuildPhase section */
		88BDDBB929E717DB00BDF086 /* Sources */ = {
			isa = PBXSourcesBuildPhase;
			buildActionMask = 2147483647;
			files = (
				88EFC59C29E7661A008FB20B /* TelefonoViewController.swift in Sources */,
				88BDDBC529E717DB00BDF086 /* ViewController.swift in Sources */,
				88EFC59A29E76300008FB20B /* RegisterViewController.swift in Sources */,
				8836D7A729E8931000668B39 /* PerfilViewController.swift in Sources */,
				88BDDBC129E717DB00BDF086 /* AppDelegate.swift in Sources */,
				8821932D29E8894D00841026 /* InstruccionesViewController.swift in Sources */,
				88BDDBC329E717DB00BDF086 /* SceneDelegate.swift in Sources */,
				88530D4529EDB383006D1061 /* UserData.swift in Sources */,
				883FF76429E74B3200F9B608 /* SplashViewController.swift in Sources */,
			);
			runOnlyForDeploymentPostprocessing = 0;
		};
		88BDDBCF29E717DD00BDF086 /* Sources */ = {
			isa = PBXSourcesBuildPhase;
			buildActionMask = 2147483647;
			files = (
				88BDDBD829E717DD00BDF086 /* SecureBotTests.swift in Sources */,
			);
			runOnlyForDeploymentPostprocessing = 0;
		};
		88BDDBD929E717DD00BDF086 /* Sources */ = {
			isa = PBXSourcesBuildPhase;
			buildActionMask = 2147483647;
			files = (
				88BDDBE229E717DD00BDF086 /* SecureBotUITests.swift in Sources */,
				88BDDBE429E717DD00BDF086 /* SecureBotUITestsLaunchTests.swift in Sources */,
			);
			runOnlyForDeploymentPostprocessing = 0;
		};
/* End PBXSourcesBuildPhase section */

/* Begin PBXTargetDependency section */
		88BDDBD529E717DD00BDF086 /* PBXTargetDependency */ = {
			isa = PBXTargetDependency;
			target = 88BDDBBC29E717DB00BDF086 /* SecureBot */;
			targetProxy = 88BDDBD429E717DD00BDF086 /* PBXContainerItemProxy */;
		};
		88BDDBDF29E717DD00BDF086 /* PBXTargetDependency */ = {
			isa = PBXTargetDependency;
			target = 88BDDBBC29E717DB00BDF086 /* SecureBot */;
			targetProxy = 88BDDBDE29E717DD00BDF086 /* PBXContainerItemProxy */;
		};
/* End PBXTargetDependency section */

/* Begin PBXVariantGroup section */
		88BDDBC629E717DB00BDF086 /* Main.storyboard */ = {
			isa = PBXVariantGroup;
			children = (
				88BDDBC729E717DB00BDF086 /* Base */,
			);
			name = Main.storyboard;
			sourceTree = "<group>";
		};
		88BDDBCB29E717DD00BDF086 /* LaunchScreen.storyboard */ = {
			isa = PBXVariantGroup;
			children = (
				88BDDBCC29E717DD00BDF086 /* Base */,
			);
			name = LaunchScreen.storyboard;
			sourceTree = "<group>";
		};
/* End PBXVariantGroup section */

/* Begin XCBuildConfiguration section */
		88BDDBE529E717DD00BDF086 /* Debug */ = {
			isa = XCBuildConfiguration;
			buildSettings = {
				ALWAYS_SEARCH_USER_PATHS = NO;
				CLANG_ANALYZER_NONNULL = YES;
				CLANG_ANALYZER_NUMBER_OBJECT_CONVERSION = YES_AGGRESSIVE;
				CLANG_CXX_LANGUAGE_STANDARD = "gnu++20";
				CLANG_ENABLE_MODULES = YES;
				CLANG_ENABLE_OBJC_ARC = YES;
				CLANG_ENABLE_OBJC_WEAK = YES;
				CLANG_WARN_BLOCK_CAPTURE_AUTORELEASING = YES;
				CLANG_WARN_BOOL_CONVERSION = YES;
				CLANG_WARN_COMMA = YES;
				CLANG_WARN_CONSTANT_CONVERSION = YES;
				CLANG_WARN_DEPRECATED_OBJC_IMPLEMENTATIONS = YES;
				CLANG_WARN_DIRECT_OBJC_ISA_USAGE = YES_ERROR;
				CLANG_WARN_DOCUMENTATION_COMMENTS = YES;
				CLANG_WARN_EMPTY_BODY = YES;
				CLANG_WARN_ENUM_CONVERSION = YES;
				CLANG_WARN_INFINITE_RECURSION = YES;
				CLANG_WARN_INT_CONVERSION = YES;
				CLANG_WARN_NON_LITERAL_NULL_CONVERSION = YES;
				CLANG_WARN_OBJC_IMPLICIT_RETAIN_SELF = YES;
				CLANG_WARN_OBJC_LITERAL_CONVERSION = YES;
				CLANG_WARN_OBJC_ROOT_CLASS = YES_ERROR;
				CLANG_WARN_QUOTED_INCLUDE_IN_FRAMEWORK_HEADER = YES;
				CLANG_WARN_RANGE_LOOP_ANALYSIS = YES;
				CLANG_WARN_STRICT_PROTOTYPES = YES;
				CLANG_WARN_SUSPICIOUS_MOVE = YES;
				CLANG_WARN_UNGUARDED_AVAILABILITY = YES_AGGRESSIVE;
				CLANG_WARN_UNREACHABLE_CODE = YES;
				CLANG_WARN__DUPLICATE_METHOD_MATCH = YES;
				COPY_PHASE_STRIP = NO;
				DEBUG_INFORMATION_FORMAT = dwarf;
				ENABLE_STRICT_OBJC_MSGSEND = YES;
				ENABLE_TESTABILITY = YES;
				GCC_C_LANGUAGE_STANDARD = gnu11;
				GCC_DYNAMIC_NO_PIC = NO;
				GCC_NO_COMMON_BLOCKS = YES;
				GCC_OPTIMIZATION_LEVEL = 0;
				GCC_PREPROCESSOR_DEFINITIONS = (
					"DEBUG=1",
					"$(inherited)",
				);
				GCC_WARN_64_TO_32_BIT_CONVERSION = YES;
				GCC_WARN_ABOUT_RETURN_TYPE = YES_ERROR;
				GCC_WARN_UNDECLARED_SELECTOR = YES;
				GCC_WARN_UNINITIALIZED_AUTOS = YES_AGGRESSIVE;
				GCC_WARN_UNUSED_FUNCTION = YES;
				GCC_WARN_UNUSED_VARIABLE = YES;
				IPHONEOS_DEPLOYMENT_TARGET = 16.2;
				MTL_ENABLE_DEBUG_INFO = INCLUDE_SOURCE;
				MTL_FAST_MATH = YES;
				ONLY_ACTIVE_ARCH = YES;
				SDKROOT = iphoneos;
				SWIFT_ACTIVE_COMPILATION_CONDITIONS = DEBUG;
				SWIFT_OPTIMIZATION_LEVEL = "-Onone";
			};
			name = Debug;
		};
		88BDDBE629E717DD00BDF086 /* Release */ = {
			isa = XCBuildConfiguration;
			buildSettings = {
				ALWAYS_SEARCH_USER_PATHS = NO;
				CLANG_ANALYZER_NONNULL = YES;
				CLANG_ANALYZER_NUMBER_OBJECT_CONVERSION = YES_AGGRESSIVE;
				CLANG_CXX_LANGUAGE_STANDARD = "gnu++20";
				CLANG_ENABLE_MODULES = YES;
				CLANG_ENABLE_OBJC_ARC = YES;
				CLANG_ENABLE_OBJC_WEAK = YES;
				CLANG_WARN_BLOCK_CAPTURE_AUTORELEASING = YES;
				CLANG_WARN_BOOL_CONVERSION = YES;
				CLANG_WARN_COMMA = YES;
				CLANG_WARN_CONSTANT_CONVERSION = YES;
				CLANG_WARN_DEPRECATED_OBJC_IMPLEMENTATIONS = YES;
				CLANG_WARN_DIRECT_OBJC_ISA_USAGE = YES_ERROR;
				CLANG_WARN_DOCUMENTATION_COMMENTS = YES;
				CLANG_WARN_EMPTY_BODY = YES;
				CLANG_WARN_ENUM_CONVERSION = YES;
				CLANG_WARN_INFINITE_RECURSION = YES;
				CLANG_WARN_INT_CONVERSION = YES;
				CLANG_WARN_NON_LITERAL_NULL_CONVERSION = YES;
				CLANG_WARN_OBJC_IMPLICIT_RETAIN_SELF = YES;
				CLANG_WARN_OBJC_LITERAL_CONVERSION = YES;
				CLANG_WARN_OBJC_ROOT_CLASS = YES_ERROR;
				CLANG_WARN_QUOTED_INCLUDE_IN_FRAMEWORK_HEADER = YES;
				CLANG_WARN_RANGE_LOOP_ANALYSIS = YES;
				CLANG_WARN_STRICT_PROTOTYPES = YES;
				CLANG_WARN_SUSPICIOUS_MOVE = YES;
				CLANG_WARN_UNGUARDED_AVAILABILITY = YES_AGGRESSIVE;
				CLANG_WARN_UNREACHABLE_CODE = YES;
				CLANG_WARN__DUPLICATE_METHOD_MATCH = YES;
				COPY_PHASE_STRIP = NO;
				DEBUG_INFORMATION_FORMAT = "dwarf-with-dsym";
				ENABLE_NS_ASSERTIONS = NO;
				ENABLE_STRICT_OBJC_MSGSEND = YES;
				GCC_C_LANGUAGE_STANDARD = gnu11;
				GCC_NO_COMMON_BLOCKS = YES;
				GCC_WARN_64_TO_32_BIT_CONVERSION = YES;
				GCC_WARN_ABOUT_RETURN_TYPE = YES_ERROR;
				GCC_WARN_UNDECLARED_SELECTOR = YES;
				GCC_WARN_UNINITIALIZED_AUTOS = YES_AGGRESSIVE;
				GCC_WARN_UNUSED_FUNCTION = YES;
				GCC_WARN_UNUSED_VARIABLE = YES;
				IPHONEOS_DEPLOYMENT_TARGET = 16.2;
				MTL_ENABLE_DEBUG_INFO = NO;
				MTL_FAST_MATH = YES;
				SDKROOT = iphoneos;
				SWIFT_COMPILATION_MODE = wholemodule;
				SWIFT_OPTIMIZATION_LEVEL = "-O";
				VALIDATE_PRODUCT = YES;
			};
			name = Release;
		};
		88BDDBE829E717DD00BDF086 /* Debug */ = {
			isa = XCBuildConfiguration;
			buildSettings = {
				ASSETCATALOG_COMPILER_APPICON_NAME = AppIcon;
				ASSETCATALOG_COMPILER_GLOBAL_ACCENT_COLOR_NAME = AccentColor;
				CODE_SIGN_STYLE = Automatic;
				CURRENT_PROJECT_VERSION = 1;
				GENERATE_INFOPLIST_FILE = YES;
				INFOPLIST_FILE = SecureBot/Info.plist;
				INFOPLIST_KEY_UIApplicationSupportsIndirectInputEvents = YES;
				INFOPLIST_KEY_UILaunchStoryboardName = LaunchScreen;
				INFOPLIST_KEY_UIMainStoryboardFile = Main;
				INFOPLIST_KEY_UISupportedInterfaceOrientations_iPad = "UIInterfaceOrientationPortrait UIInterfaceOrientationPortraitUpsideDown UIInterfaceOrientationLandscapeLeft UIInterfaceOrientationLandscapeRight";
				INFOPLIST_KEY_UISupportedInterfaceOrientations_iPhone = "UIInterfaceOrientationPortrait UIInterfaceOrientationLandscapeLeft UIInterfaceOrientationLandscapeRight";
				LD_RUNPATH_SEARCH_PATHS = (
					"$(inherited)",
					"@executable_path/Frameworks",
				);
				MARKETING_VERSION = 1.0;
				PRODUCT_BUNDLE_IDENTIFIER = Pablo.SecureBot;
				PRODUCT_NAME = "$(TARGET_NAME)";
				SWIFT_EMIT_LOC_STRINGS = YES;
				SWIFT_VERSION = 5.0;
				TARGETED_DEVICE_FAMILY = "1,2";
			};
			name = Debug;
		};
		88BDDBE929E717DD00BDF086 /* Release */ = {
			isa = XCBuildConfiguration;
			buildSettings = {
				ASSETCATALOG_COMPILER_APPICON_NAME = AppIcon;
				ASSETCATALOG_COMPILER_GLOBAL_ACCENT_COLOR_NAME = AccentColor;
				CODE_SIGN_STYLE = Automatic;
				CURRENT_PROJECT_VERSION = 1;
				GENERATE_INFOPLIST_FILE = YES;
				INFOPLIST_FILE = SecureBot/Info.plist;
				INFOPLIST_KEY_UIApplicationSupportsIndirectInputEvents = YES;
				INFOPLIST_KEY_UILaunchStoryboardName = LaunchScreen;
				INFOPLIST_KEY_UIMainStoryboardFile = Main;
				INFOPLIST_KEY_UISupportedInterfaceOrientations_iPad = "UIInterfaceOrientationPortrait UIInterfaceOrientationPortraitUpsideDown UIInterfaceOrientationLandscapeLeft UIInterfaceOrientationLandscapeRight";
				INFOPLIST_KEY_UISupportedInterfaceOrientations_iPhone = "UIInterfaceOrientationPortrait UIInterfaceOrientationLandscapeLeft UIInterfaceOrientationLandscapeRight";
				LD_RUNPATH_SEARCH_PATHS = (
					"$(inherited)",
					"@executable_path/Frameworks",
				);
				MARKETING_VERSION = 1.0;
				PRODUCT_BUNDLE_IDENTIFIER = Pablo.SecureBot;
				PRODUCT_NAME = "$(TARGET_NAME)";
				SWIFT_EMIT_LOC_STRINGS = YES;
				SWIFT_VERSION = 5.0;
				TARGETED_DEVICE_FAMILY = "1,2";
			};
			name = Release;
		};
		88BDDBEB29E717DD00BDF086 /* Debug */ = {
			isa = XCBuildConfiguration;
			buildSettings = {
				ALWAYS_EMBED_SWIFT_STANDARD_LIBRARIES = YES;
				BUNDLE_LOADER = "$(TEST_HOST)";
				CODE_SIGN_STYLE = Automatic;
				CURRENT_PROJECT_VERSION = 1;
				GENERATE_INFOPLIST_FILE = YES;
				IPHONEOS_DEPLOYMENT_TARGET = 16.2;
				MARKETING_VERSION = 1.0;
				PRODUCT_BUNDLE_IDENTIFIER = Pablo.SecureBotTests;
				PRODUCT_NAME = "$(TARGET_NAME)";
				SWIFT_EMIT_LOC_STRINGS = NO;
				SWIFT_VERSION = 5.0;
				TARGETED_DEVICE_FAMILY = "1,2";
				TEST_HOST = "$(BUILT_PRODUCTS_DIR)/SecureBot.app/$(BUNDLE_EXECUTABLE_FOLDER_PATH)/SecureBot";
			};
			name = Debug;
		};
		88BDDBEC29E717DD00BDF086 /* Release */ = {
			isa = XCBuildConfiguration;
			buildSettings = {
				ALWAYS_EMBED_SWIFT_STANDARD_LIBRARIES = YES;
				BUNDLE_LOADER = "$(TEST_HOST)";
				CODE_SIGN_STYLE = Automatic;
				CURRENT_PROJECT_VERSION = 1;
				GENERATE_INFOPLIST_FILE = YES;
				IPHONEOS_DEPLOYMENT_TARGET = 16.2;
				MARKETING_VERSION = 1.0;
				PRODUCT_BUNDLE_IDENTIFIER = Pablo.SecureBotTests;
				PRODUCT_NAME = "$(TARGET_NAME)";
				SWIFT_EMIT_LOC_STRINGS = NO;
				SWIFT_VERSION = 5.0;
				TARGETED_DEVICE_FAMILY = "1,2";
				TEST_HOST = "$(BUILT_PRODUCTS_DIR)/SecureBot.app/$(BUNDLE_EXECUTABLE_FOLDER_PATH)/SecureBot";
			};
			name = Release;
		};
		88BDDBEE29E717DD00BDF086 /* Debug */ = {
			isa = XCBuildConfiguration;
			buildSettings = {
				ALWAYS_EMBED_SWIFT_STANDARD_LIBRARIES = YES;
				CODE_SIGN_STYLE = Automatic;
				CURRENT_PROJECT_VERSION = 1;
				GENERATE_INFOPLIST_FILE = YES;
				MARKETING_VERSION = 1.0;
				PRODUCT_BUNDLE_IDENTIFIER = Pablo.SecureBotUITests;
				PRODUCT_NAME = "$(TARGET_NAME)";
				SWIFT_EMIT_LOC_STRINGS = NO;
				SWIFT_VERSION = 5.0;
				TARGETED_DEVICE_FAMILY = "1,2";
				TEST_TARGET_NAME = SecureBot;
			};
			name = Debug;
		};
		88BDDBEF29E717DD00BDF086 /* Release */ = {
			isa = XCBuildConfiguration;
			buildSettings = {
				ALWAYS_EMBED_SWIFT_STANDARD_LIBRARIES = YES;
				CODE_SIGN_STYLE = Automatic;
				CURRENT_PROJECT_VERSION = 1;
				GENERATE_INFOPLIST_FILE = YES;
				MARKETING_VERSION = 1.0;
				PRODUCT_BUNDLE_IDENTIFIER = Pablo.SecureBotUITests;
				PRODUCT_NAME = "$(TARGET_NAME)";
				SWIFT_EMIT_LOC_STRINGS = NO;
				SWIFT_VERSION = 5.0;
				TARGETED_DEVICE_FAMILY = "1,2";
				TEST_TARGET_NAME = SecureBot;
			};
			name = Release;
		};
/* End XCBuildConfiguration section */

/* Begin XCConfigurationList section */
		88BDDBB829E717DB00BDF086 /* Build configuration list for PBXProject "SecureBot" */ = {
			isa = XCConfigurationList;
			buildConfigurations = (
				88BDDBE529E717DD00BDF086 /* Debug */,
				88BDDBE629E717DD00BDF086 /* Release */,
			);
			defaultConfigurationIsVisible = 0;
			defaultConfigurationName = Release;
		};
		88BDDBE729E717DD00BDF086 /* Build configuration list for PBXNativeTarget "SecureBot" */ = {
			isa = XCConfigurationList;
			buildConfigurations = (
				88BDDBE829E717DD00BDF086 /* Debug */,
				88BDDBE929E717DD00BDF086 /* Release */,
			);
			defaultConfigurationIsVisible = 0;
			defaultConfigurationName = Release;
		};
		88BDDBEA29E717DD00BDF086 /* Build configuration list for PBXNativeTarget "SecureBotTests" */ = {
			isa = XCConfigurationList;
			buildConfigurations = (
				88BDDBEB29E717DD00BDF086 /* Debug */,
				88BDDBEC29E717DD00BDF086 /* Release */,
			);
			defaultConfigurationIsVisible = 0;
			defaultConfigurationName = Release;
		};
		88BDDBED29E717DD00BDF086 /* Build configuration list for PBXNativeTarget "SecureBotUITests" */ = {
			isa = XCConfigurationList;
			buildConfigurations = (
				88BDDBEE29E717DD00BDF086 /* Debug */,
				88BDDBEF29E717DD00BDF086 /* Release */,
			);
			defaultConfigurationIsVisible = 0;
			defaultConfigurationName = Release;
		};
/* End XCConfigurationList section */
	};
	rootObject = 88BDDBB529E717DB00BDF086 /* Project object */;
}
